
Microsoft Visual Studio Solution File, Format Version 12.00
# Visual Studio Version 16
VisualStudioVersion = 16.0.29306.81
MinimumVisualStudioVersion = 10.0.40219.1
Project("{FAE04EC0-301F-11D3-BF4B-00C04F79EFBC}") = "CA190920KCSK", "CA190920KCSK\CA190920KCSK.csproj", "{2DC21831-850B-4479-AE53-E19D74117283}"
EndProject
Global
	GlobalSection(SolutionConfigurationPlatforms) = preSolution
		Debug|Any CPU = Debug|Any CPU
		Release|Any CPU = Release|Any CPU
	EndGlobalSection
	GlobalSection(ProjectConfigurationPlatforms) = postSolution
		{2DC21831-850B-4479-AE53-E19D74117283}.Debug|Any CPU.ActiveCfg = Debug|Any CPU
		{2DC21831-850B-4479-AE53-E19D74117283}.Debug|Any CPU.Build.0 = Debug|Any CPU
		{2DC21831-850B-4479-AE53-E19D74117283}.Release|Any CPU.ActiveCfg = Release|Any CPU
		{2DC21831-850B-4479-AE53-E19D74117283}.Release|Any CPU.Build.0 = Release|Any CPU
	EndGlobalSection
	GlobalSection(SolutionProperties) = preSolution
		HideSolutionNode = FALSE
	EndGlobalSection
	GlobalSection(ExtensibilityGlobals) = postSolution
		SolutionGuid = {5ECB48E8-A66D-478B-ABC4-E0F7FFBB05D2}
	EndGlobalSection
EndGlobal
